
Microsoft Visual Studio Solution File, Format Version 12.00
# Visual Studio Version 17
VisualStudioVersion = 17.0.31903.59
MinimumVisualStudioVersion = 10.0.40219.1
Project("{FAE04EC0-301F-11D3-BF4B-00C04F79EFBC}") = "Loan.Api", "Loan.Api\Loan.Api.csproj", "{E66C3A04-42C4-41BC-A2C1-29331C650D2E}"
EndProject
Project("{FAE04EC0-301F-11D3-BF4B-00C04F79EFBC}") = "Loan.Domain", "Loan.Domain\Loan.Domain.csproj", "{067686B7-155C-4547-B4FE-68834CE247E5}"
EndProject
Project("{FAE04EC0-301F-11D3-BF4B-00C04F79EFBC}") = "Loan.Application", "Loan.Application\Loan.Application.csproj", "{764969FA-CBEE-407A-A666-268BE9C25B5F}"
EndProject
Project("{FAE04EC0-301F-11D3-BF4B-00C04F79EFBC}") = "Loan.Infrastructure", "Loan.Infrastructure\Loan.Infrastructure.csproj", "{32C1F8ED-193B-489A-B9E5-8D89801C633D}"
EndProject
Project("{FAE04EC0-301F-11D3-BF4B-00C04F79EFBC}") = "Loan.Contracts", "Loan.Contracts\Loan.Contracts.csproj", "{73B46F52-FACB-4C56-918E-B0C3C0D7A35E}"
EndProject
Project("{FAE04EC0-301F-11D3-BF4B-00C04F79EFBC}") = "Loan.Shared", "Loan.Shared\Loan.Shared.csproj", "{C611A69B-D706-4891-8A04-D81811052B53}"
EndProject
Global
	GlobalSection(SolutionConfigurationPlatforms) = preSolution
		Debug|Any CPU = Debug|Any CPU
		Release|Any CPU = Release|Any CPU
	EndGlobalSection
	GlobalSection(SolutionProperties) = preSolution
		HideSolutionNode = FALSE
	EndGlobalSection
	GlobalSection(ProjectConfigurationPlatforms) = postSolution
		{E66C3A04-42C4-41BC-A2C1-29331C650D2E}.Debug|Any CPU.ActiveCfg = Debug|Any CPU
		{E66C3A04-42C4-41BC-A2C1-29331C650D2E}.Debug|Any CPU.Build.0 = Debug|Any CPU
		{E66C3A04-42C4-41BC-A2C1-29331C650D2E}.Release|Any CPU.ActiveCfg = Release|Any CPU
		{E66C3A04-42C4-41BC-A2C1-29331C650D2E}.Release|Any CPU.Build.0 = Release|Any CPU
		{067686B7-155C-4547-B4FE-68834CE247E5}.Debug|Any CPU.ActiveCfg = Debug|Any CPU
		{067686B7-155C-4547-B4FE-68834CE247E5}.Debug|Any CPU.Build.0 = Debug|Any CPU
		{067686B7-155C-4547-B4FE-68834CE247E5}.Release|Any CPU.ActiveCfg = Release|Any CPU
		{067686B7-155C-4547-B4FE-68834CE247E5}.Release|Any CPU.Build.0 = Release|Any CPU
		{764969FA-CBEE-407A-A666-268BE9C25B5F}.Debug|Any CPU.ActiveCfg = Debug|Any CPU
		{764969FA-CBEE-407A-A666-268BE9C25B5F}.Debug|Any CPU.Build.0 = Debug|Any CPU
		{764969FA-CBEE-407A-A666-268BE9C25B5F}.Release|Any CPU.ActiveCfg = Release|Any CPU
		{764969FA-CBEE-407A-A666-268BE9C25B5F}.Release|Any CPU.Build.0 = Release|Any CPU
		{32C1F8ED-193B-489A-B9E5-8D89801C633D}.Debug|Any CPU.ActiveCfg = Debug|Any CPU
		{32C1F8ED-193B-489A-B9E5-8D89801C633D}.Debug|Any CPU.Build.0 = Debug|Any CPU
		{32C1F8ED-193B-489A-B9E5-8D89801C633D}.Release|Any CPU.ActiveCfg = Release|Any CPU
		{32C1F8ED-193B-489A-B9E5-8D89801C633D}.Release|Any CPU.Build.0 = Release|Any CPU
		{73B46F52-FACB-4C56-918E-B0C3C0D7A35E}.Debug|Any CPU.ActiveCfg = Debug|Any CPU
		{73B46F52-FACB-4C56-918E-B0C3C0D7A35E}.Debug|Any CPU.Build.0 = Debug|Any CPU
		{73B46F52-FACB-4C56-918E-B0C3C0D7A35E}.Release|Any CPU.ActiveCfg = Release|Any CPU
		{73B46F52-FACB-4C56-918E-B0C3C0D7A35E}.Release|Any CPU.Build.0 = Release|Any CPU
		{C611A69B-D706-4891-8A04-D81811052B53}.Debug|Any CPU.ActiveCfg = Debug|Any CPU
		{C611A69B-D706-4891-8A04-D81811052B53}.Debug|Any CPU.Build.0 = Debug|Any CPU
		{C611A69B-D706-4891-8A04-D81811052B53}.Release|Any CPU.ActiveCfg = Release|Any CPU
		{C611A69B-D706-4891-8A04-D81811052B53}.Release|Any CPU.Build.0 = Release|Any CPU
	EndGlobalSection
EndGlobal
